
Microsoft Visual Studio Solution File, Format Version 12.00
# Visual Studio 14
VisualStudioVersion = 14.0.25420.1
MinimumVisualStudioVersion = 10.0.40219.1
Project("{FAE04EC0-301F-11D3-BF4B-00C04F79EFBC}") = "Ex05.Logic", "Ex05.logic\Ex05.Logic.csproj", "{0F7110CE-B4A8-4824-8816-FEABFCB86008}"
EndProject
Project("{FAE04EC0-301F-11D3-BF4B-00C04F79EFBC}") = "Ex05.UI", "Ex05.UI\Ex05.UI.csproj", "{6E19A3E7-755E-445D-A584-B1B73762FBAD}"
EndProject
Project("{2150E333-8FDC-42A3-9474-1A3956D46DE8}") = "Solution Items", "Solution Items", "{2EC9719C-252A-4686-85F2-FDD5222D104E}"
	ProjectSection(SolutionItems) = preProject
		TextFile1.txt = TextFile1.txt
	EndProjectSection
EndProject
Global
	GlobalSection(SolutionConfigurationPlatforms) = preSolution
		Debug|Any CPU = Debug|Any CPU
		Release|Any CPU = Release|Any CPU
	EndGlobalSection
	GlobalSection(ProjectConfigurationPlatforms) = postSolution
		{0F7110CE-B4A8-4824-8816-FEABFCB86008}.Debug|Any CPU.ActiveCfg = Debug|Any CPU
		{0F7110CE-B4A8-4824-8816-FEABFCB86008}.Debug|Any CPU.Build.0 = Debug|Any CPU
		{0F7110CE-B4A8-4824-8816-FEABFCB86008}.Release|Any CPU.ActiveCfg = Release|Any CPU
		{0F7110CE-B4A8-4824-8816-FEABFCB86008}.Release|Any CPU.Build.0 = Release|Any CPU
		{6E19A3E7-755E-445D-A584-B1B73762FBAD}.Debug|Any CPU.ActiveCfg = Debug|Any CPU
		{6E19A3E7-755E-445D-A584-B1B73762FBAD}.Debug|Any CPU.Build.0 = Debug|Any CPU
		{6E19A3E7-755E-445D-A584-B1B73762FBAD}.Release|Any CPU.ActiveCfg = Release|Any CPU
		{6E19A3E7-755E-445D-A584-B1B73762FBAD}.Release|Any CPU.Build.0 = Release|Any CPU
	EndGlobalSection
	GlobalSection(SolutionProperties) = preSolution
		HideSolutionNode = FALSE
	EndGlobalSection
EndGlobal
